
Microsoft Visual Studio Solution File, Format Version 12.00
# Visual Studio Version 17
VisualStudioVersion = 17.11.35327.3
MinimumVisualStudioVersion = 10.0.40219.1
Project("{FAE04EC0-301F-11D3-BF4B-00C04F79EFBC}") = "ExaminationSystem", "C#Advenced\ExaminationSystem.csproj", "{3D508652-CF6D-463C-B690-7384F336A34F}"
EndProject
Global
	GlobalSection(SolutionConfigurationPlatforms) = preSolution
		Debug|Any CPU = Debug|Any CPU
		Release|Any CPU = Release|Any CPU
	EndGlobalSection
	GlobalSection(ProjectConfigurationPlatforms) = postSolution
		{3D508652-CF6D-463C-B690-7384F336A34F}.Debug|Any CPU.ActiveCfg = Debug|Any CPU
		{3D508652-CF6D-463C-B690-7384F336A34F}.Debug|Any CPU.Build.0 = Debug|Any CPU
		{3D508652-CF6D-463C-B690-7384F336A34F}.Release|Any CPU.ActiveCfg = Release|Any CPU
		{3D508652-CF6D-463C-B690-7384F336A34F}.Release|Any CPU.Build.0 = Release|Any CPU
	EndGlobalSection
	GlobalSection(SolutionProperties) = preSolution
		HideSolutionNode = FALSE
	EndGlobalSection
	GlobalSection(ExtensibilityGlobals) = postSolution
		SolutionGuid = {866930C9-8B28-4A62-901B-F64891B66791}
	EndGlobalSection
EndGlobal
