
Microsoft Visual Studio Solution File, Format Version 12.00
# Visual Studio Version 17
VisualStudioVersion = 17.11.35327.3
MinimumVisualStudioVersion = 10.0.40219.1
Project("{FAE04EC0-301F-11D3-BF4B-00C04F79EFBC}") = "WebApplication1", "WebApplication1\WebApplication1.csproj", "{2F405C55-089A-4B70-B6C6-F0CE449B6F2C}"
EndProject
Global
	GlobalSection(SolutionConfigurationPlatforms) = preSolution
		Debug|Any CPU = Debug|Any CPU
		Release|Any CPU = Release|Any CPU
	EndGlobalSection
	GlobalSection(ProjectConfigurationPlatforms) = postSolution
		{2F405C55-089A-4B70-B6C6-F0CE449B6F2C}.Debug|Any CPU.ActiveCfg = Debug|Any CPU
		{2F405C55-089A-4B70-B6C6-F0CE449B6F2C}.Debug|Any CPU.Build.0 = Debug|Any CPU
		{2F405C55-089A-4B70-B6C6-F0CE449B6F2C}.Release|Any CPU.ActiveCfg = Release|Any CPU
		{2F405C55-089A-4B70-B6C6-F0CE449B6F2C}.Release|Any CPU.Build.0 = Release|Any CPU
	EndGlobalSection
	GlobalSection(SolutionProperties) = preSolution
		HideSolutionNode = FALSE
	EndGlobalSection
	GlobalSection(ExtensibilityGlobals) = postSolution
		SolutionGuid = {D950F67E-0A32-48DE-8C21-9CFB0DA4E3EC}
	EndGlobalSection
EndGlobal
